
Microsoft Visual Studio Solution File, Format Version 12.00
# Visual Studio Version 16
VisualStudioVersion = 16.0.29806.167
MinimumVisualStudioVersion = 10.0.40219.1
Project("{9A19103F-16F7-4668-BE54-9A1E7A4F7556}") = "MonnyBE", "MonnyBE\MonnyBE.csproj", "{7886EB9A-6BFA-4AAD-B15C-8530BF909A08}"
EndProject
Project("{FAE04EC0-301F-11D3-BF4B-00C04F79EFBC}") = "DataAccess", "DataAccess\DataAccess.csproj", "{79EE3CBF-5A90-4EAB-9BFC-46DBDFD07441}"
EndProject
Global
	GlobalSection(SolutionConfigurationPlatforms) = preSolution
		Debug|Any CPU = Debug|Any CPU
		Release|Any CPU = Release|Any CPU
	EndGlobalSection
	GlobalSection(ProjectConfigurationPlatforms) = postSolution
		{7886EB9A-6BFA-4AAD-B15C-8530BF909A08}.Debug|Any CPU.ActiveCfg = Debug|Any CPU
		{7886EB9A-6BFA-4AAD-B15C-8530BF909A08}.Debug|Any CPU.Build.0 = Debug|Any CPU
		{7886EB9A-6BFA-4AAD-B15C-8530BF909A08}.Release|Any CPU.ActiveCfg = Release|Any CPU
		{7886EB9A-6BFA-4AAD-B15C-8530BF909A08}.Release|Any CPU.Build.0 = Release|Any CPU
		{79EE3CBF-5A90-4EAB-9BFC-46DBDFD07441}.Debug|Any CPU.ActiveCfg = Debug|Any CPU
		{79EE3CBF-5A90-4EAB-9BFC-46DBDFD07441}.Debug|Any CPU.Build.0 = Debug|Any CPU
		{79EE3CBF-5A90-4EAB-9BFC-46DBDFD07441}.Release|Any CPU.ActiveCfg = Release|Any CPU
		{79EE3CBF-5A90-4EAB-9BFC-46DBDFD07441}.Release|Any CPU.Build.0 = Release|Any CPU
	EndGlobalSection
	GlobalSection(SolutionProperties) = preSolution
		HideSolutionNode = FALSE
	EndGlobalSection
	GlobalSection(ExtensibilityGlobals) = postSolution
		SolutionGuid = {339F788D-12E4-474E-BDDF-9B45C36EA2C9}
	EndGlobalSection
EndGlobal
